
Microsoft Visual Studio Solution File, Format Version 12.00
# Visual Studio Version 17
VisualStudioVersion = 17.9.34728.123
MinimumVisualStudioVersion = 10.0.40219.1
Project("{FAE04EC0-301F-11D3-BF4B-00C04F79EFBC}") = "LacosDeRepeticao", "LacosDeRepeticao\LacosDeRepeticao.csproj", "{07849508-8207-444D-91BC-5B58698E5BB9}"
EndProject
Global
	GlobalSection(SolutionConfigurationPlatforms) = preSolution
		Debug|Any CPU = Debug|Any CPU
		Release|Any CPU = Release|Any CPU
	EndGlobalSection
	GlobalSection(ProjectConfigurationPlatforms) = postSolution
		{07849508-8207-444D-91BC-5B58698E5BB9}.Debug|Any CPU.ActiveCfg = Debug|Any CPU
		{07849508-8207-444D-91BC-5B58698E5BB9}.Debug|Any CPU.Build.0 = Debug|Any CPU
		{07849508-8207-444D-91BC-5B58698E5BB9}.Release|Any CPU.ActiveCfg = Release|Any CPU
		{07849508-8207-444D-91BC-5B58698E5BB9}.Release|Any CPU.Build.0 = Release|Any CPU
	EndGlobalSection
	GlobalSection(SolutionProperties) = preSolution
		HideSolutionNode = FALSE
	EndGlobalSection
	GlobalSection(ExtensibilityGlobals) = postSolution
		SolutionGuid = {01BD1D97-7160-4CC9-BD56-1DAD7617CECC}
	EndGlobalSection
EndGlobal
